
Microsoft Visual Studio Solution File, Format Version 12.00
# Visual Studio Version 16
VisualStudioVersion = 16.0.32428.217
MinimumVisualStudioVersion = 10.0.40219.1
Project("{FAE04EC0-301F-11D3-BF4B-00C04F79EFBC}") = "TGAudioToText", "TGAudioToText.csproj", "{6AFE46D7-E2C4-434A-A448-91E238346E1D}"
EndProject
Global
	GlobalSection(SolutionConfigurationPlatforms) = preSolution
		Debug|Any CPU = Debug|Any CPU
		Release|Any CPU = Release|Any CPU
	EndGlobalSection
	GlobalSection(ProjectConfigurationPlatforms) = postSolution
		{6AFE46D7-E2C4-434A-A448-91E238346E1D}.Debug|Any CPU.ActiveCfg = Debug|Any CPU
		{6AFE46D7-E2C4-434A-A448-91E238346E1D}.Debug|Any CPU.Build.0 = Debug|Any CPU
		{6AFE46D7-E2C4-434A-A448-91E238346E1D}.Release|Any CPU.ActiveCfg = Release|Any CPU
		{6AFE46D7-E2C4-434A-A448-91E238346E1D}.Release|Any CPU.Build.0 = Release|Any CPU
	EndGlobalSection
	GlobalSection(SolutionProperties) = preSolution
		HideSolutionNode = FALSE
	EndGlobalSection
	GlobalSection(ExtensibilityGlobals) = postSolution
		SolutionGuid = {37A6D9ED-F519-4759-AF7E-B024F1D3AFB6}
	EndGlobalSection
EndGlobal
